
Microsoft Visual Studio Solution File, Format Version 12.00
# Visual Studio 15
VisualStudioVersion = 15.0.28307.1267
MinimumVisualStudioVersion = 10.0.40219.1
Project("{8BC9CEB8-8B4A-11D0-8D11-00A0C91BC942}") = "16", "16\16.vcxproj", "{32FEF8F9-FC83-436A-9AA5-88E0C77138AA}"
EndProject
Global
	GlobalSection(SolutionConfigurationPlatforms) = preSolution
		Debug|x64 = Debug|x64
		Debug|x86 = Debug|x86
		Release|x64 = Release|x64
		Release|x86 = Release|x86
	EndGlobalSection
	GlobalSection(ProjectConfigurationPlatforms) = postSolution
		{32FEF8F9-FC83-436A-9AA5-88E0C77138AA}.Debug|x64.ActiveCfg = Debug|x64
		{32FEF8F9-FC83-436A-9AA5-88E0C77138AA}.Debug|x64.Build.0 = Debug|x64
		{32FEF8F9-FC83-436A-9AA5-88E0C77138AA}.Debug|x86.ActiveCfg = Debug|Win32
		{32FEF8F9-FC83-436A-9AA5-88E0C77138AA}.Debug|x86.Build.0 = Debug|Win32
		{32FEF8F9-FC83-436A-9AA5-88E0C77138AA}.Release|x64.ActiveCfg = Release|x64
		{32FEF8F9-FC83-436A-9AA5-88E0C77138AA}.Release|x64.Build.0 = Release|x64
		{32FEF8F9-FC83-436A-9AA5-88E0C77138AA}.Release|x86.ActiveCfg = Release|Win32
		{32FEF8F9-FC83-436A-9AA5-88E0C77138AA}.Release|x86.Build.0 = Release|Win32
	EndGlobalSection
	GlobalSection(SolutionProperties) = preSolution
		HideSolutionNode = FALSE
	EndGlobalSection
	GlobalSection(ExtensibilityGlobals) = postSolution
		SolutionGuid = {3EA636A3-A3C0-45DA-A6D1-7A782378775C}
	EndGlobalSection
EndGlobal
